github.com/google/go-cmp v0.6.0 h1:ofyhxvXcZhMsU5ulbFiLKl/XBFqE1GSq7atu8tAmTRI=
github.com/google/go-cmp v0.6.0/go.mod h1:17dUlkBOakJ0+DkrSSNjCkIjxS6bF9zb3elmeNGIjoY=
github.com/google/uuid v1.6.0 h1:NIvaJDMOsjHA8n1jAhLSgzrAzy1Hgr+hNrb57e+94F0=
github.com/google/uuid v1.6.0/go.mod h1:TIyPZe4MgqvfeYDBFedMoGGpEw/LqOeaOT+nhxU+yHo=
github.com/polypheny/Polypheny-Go-Driver v0.0.0-20240528071432-a534ab01641f h1:06uyzIbPWBDUp/gPw5+5QMpU8HlZ23fRYZhP+03WRpM=
github.com/polypheny/Polypheny-Go-Driver v0.0.0-20240528071432-a534ab01641f/go.mod h1:6zbS6cGRiH1MJu+hTlOqUrTf8pmOHSt0xy1Ya5h7d1M=
github.com/polypheny/Polypheny-Go-Driver v0.0.0-20240701123228-dcf0d9a11e01 h1:iqowdBw8nl1XMHa0KkpW6DXQRWYwtYKAv7T994rJrxE=
github.com/polypheny/Polypheny-Go-Driver v0.0.0-20240701123228-dcf0d9a11e01/go.mod h1:6zbS6cGRiH1MJu+hTlOqUrTf8pmOHSt0xy1Ya5h7d1M=
golang.org/x/net v0.26.0 h1:soB7SVo0PWrY4vPW/+ay0jKDNScG2X9wFeYlXIvJsOQ=
golang.org/x/net v0.26.0/go.mod h1:5YKkiSynbBIh3p6iOc/vibscux0x38BZDkn8sCUPxHE=
google.golang.org/protobuf v1.34.2 h1:6xV6lTsCfpGD21XK49h7MhtcApnLqkfYgPcdHftf6hg=
google.golang.org/protobuf v1.34.2/go.mod h1:qYOHts0dSfpeUzUFpOMr/WGzszTmLH+DiWniOlNbLDw=
